# This file is autogenerated, do not edit; changes may be undone by the next 'dep ensure'.


[[projects]]
  digest = "1:f97285a3b0a496dcf8801072622230d513f69175665d94de60eb042d03387f6c"
  name = "github.com/julienschmidt/httprouter"
  packages = ["."]
  pruneopts = "UT"
  revision = "348b672cd90d8190f8240323e372ecd1e66b59dc"
  version = "v1.2.0"

[[projects]]
  digest = "1:e4c6138585cb98f0e6f9c865036810076cc132cc61cf97c65f59be2fffd80739"
  name = "github.com/mrz1836/go-api-router"
  packages = ["."]
  pruneopts = "UT"
  revision = "72154fdd7e6c2a9766bda404d8c64c2a37dde71c"
  version = "v0.0.5"

[[projects]]
  digest = "1:240c5fd96c8c09463293eeed4142a64c0d806f5e908f1947e39f7baa9ffbadfb"
  name = "github.com/mrz1836/go-logger"
  packages = ["."]
  pruneopts = "UT"
  revision = "32f02dc12dbefd7ace11a38b43e2b12e4cada1ba"
  version = "v0.0.3"

[[projects]]
  digest = "1:274f67cb6fed9588ea2521ecdac05a6d62a8c51c074c1fccc6a49a40ba80e925"
  name = "github.com/satori/go.uuid"
  packages = ["."]
  pruneopts = "UT"
  revision = "f58768cc1a7a7e77a3bd49e98cdd21419399b6a3"
  version = "v1.2.0"

[solve-meta]
  analyzer-name = "dep"
  analyzer-version = 1
  input-imports = [
    "github.com/julienschmidt/httprouter",
    "github.com/mrz1836/go-api-router",
  ]
  solver-name = "gps-cdcl"
  solver-version = 1
