# This file is autogenerated, do not edit; changes may be undone by the next 'dep ensure'.


[[projects]]
  digest = "1:5a23cd3a5496a0b2da7e3b348d14e77b11a210738c398200d7d6f04ea8cf3bd8"
  name = "github.com/asaskevich/govalidator"
  packages = ["."]
  pruneopts = "NUT"
  revision = "ccb8e960c48f04d6935e72476ae4a51028f9e22f"
  version = "v9"

[[projects]]
  digest = "1:5be1b1fe09cae6210ad143e91b308a138f90195fc87276d5b6e3c21398800d14"
  name = "github.com/friendsofgo/errors"
  packages = ["."]
  pruneopts = "NUT"
  revision = "232bd96a4454b12ba4a012b0e3ba3318775206ca"
  version = "v0.9.2"

[[projects]]
  digest = "1:1b91ae0dc69a41d4c2ed23ea5cffb721ea63f5037ca4b81e6d6771fbb8f45129"
  name = "github.com/fsnotify/fsnotify"
  packages = ["."]
  pruneopts = "NUT"
  revision = "c2828203cd70a50dcccfb2761f8b1f8ceef9a8e9"
  version = "v1.4.7"

[[projects]]
  digest = "1:a76fedf599f863b0a35e819a2a724abc97db62cb64f49d898bdeb52c58ece687"
  name = "github.com/go-ozzo/ozzo-validation"
  packages = [
    ".",
    "is",
  ]
  pruneopts = "NUT"
  revision = "199b55b36bc1af151e6eea487cc92ffa5b460b81"
  version = "v3.6.0"

[[projects]]
  digest = "1:13e9a236e56e18fecb73f5b2f2eb7f60060a1a9bc27e5a7328ab22e275ecb63e"
  name = "github.com/go-sql-driver/mysql"
  packages = ["."]
  pruneopts = "NUT"
  revision = "72cd26f257d44c1114970e19afddcd812016007e"
  version = "v1.4.1"

[[projects]]
  digest = "1:bde9f189072512ba353f3641d4839cb4c9c7edf421e467f2c03f267b402bd16c"
  name = "github.com/gofrs/uuid"
  packages = ["."]
  pruneopts = "NUT"
  revision = "6b08a5c5172ba18946672b49749cde22873dd7c2"
  version = "v3.2.0"

[[projects]]
  digest = "1:38ec74012390146c45af1f92d46e5382b50531247929ff3a685d2b2be65155ac"
  name = "github.com/gomodule/redigo"
  packages = [
    "internal",
    "redis",
  ]
  pruneopts = "NUT"
  revision = "9c11da706d9b7902c6da69c592f75637793fe121"
  version = "v2.0.0"

[[projects]]
  digest = "1:3c8c26bb118e3f02230d4f5f30b972dbfe0c6b371acea8f190aa99ceaaae7028"
  name = "github.com/gorilla/mux"
  packages = ["."]
  pruneopts = "NUT"
  revision = "00bdffe0f3c77e27d2cf6f5c70232a2d3e4d9c15"
  version = "v1.7.3"

[[projects]]
  digest = "1:11c6c696067d3127ecf332b10f89394d386d9083f82baf71f40f2da31841a009"
  name = "github.com/hashicorp/hcl"
  packages = [
    ".",
    "hcl/ast",
    "hcl/parser",
    "hcl/printer",
    "hcl/scanner",
    "hcl/strconv",
    "hcl/token",
    "json/parser",
    "json/scanner",
    "json/token",
  ]
  pruneopts = "NUT"
  revision = "8cb6e5b959231cc1119e43259c4a608f9c51a241"
  version = "v1.0.0"

[[projects]]
  digest = "1:fcb5f93b1e61b176c9be5008c1e0f5d374791ccff9cf4ca50145e77200d679dc"
  name = "github.com/julienschmidt/httprouter"
  packages = ["."]
  pruneopts = "NUT"
  revision = "4eec211fa4e8df74ed978dc5681612131854144f"
  version = "v1.3.0"

[[projects]]
  digest = "1:bb8f4b6a177a6dab0c83779bd7c1bfcbb1864406750b90f49e298f3492200504"
  name = "github.com/kat-co/vala"
  packages = ["."]
  pruneopts = "NUT"
  revision = "bfe9b50e828ad56312e486cbf4165ff1ac3a9bae"
  version = "v1"

[[projects]]
  digest = "1:802689c84994b7f2e41ffe7e39d29a8d8227f2121938dc025db44dfaa9633b15"
  name = "github.com/magiconair/properties"
  packages = ["."]
  pruneopts = "NUT"
  revision = "de8848e004dd33dc07a2947b3d76f618a7fc7ef1"
  version = "v1.8.1"

[[projects]]
  digest = "1:3e6b3527c41056c0e498d709014845cf7c4170fa83868c330ad3ee8bbdb70f4e"
  name = "github.com/matryer/respond"
  packages = ["."]
  pruneopts = "NUT"
  revision = "7ca2372f541a6f714cc7f2a7118b679795b3952c"
  version = "v1.0.1"

[[projects]]
  digest = "1:a45ae66dea4c899d79fceb116accfa1892105c251f0dcd9a217ddc276b42ec68"
  name = "github.com/mitchellh/mapstructure"
  packages = ["."]
  pruneopts = "NUT"
  revision = "3536a929edddb9a5b34bd6861dc4a9647cb459fe"
  version = "v1.1.2"

[[projects]]
  digest = "1:52d0380b5ed1a2a1d972f5fec1111e4401cb318b563c68e75136b849f8a36d27"
  name = "github.com/mrz1836/go-api-router"
  packages = ["."]
  pruneopts = "NUT"
  revision = "c515d5b236c0766583758e41883a78cab36dc8db"
  version = "v0.0.22"

[[projects]]
  digest = "1:62ed774403a4ec1bc105c4356d28e7fbfc2d7fc689eef419c00b92cb436cb96c"
  name = "github.com/mrz1836/go-cache"
  packages = ["."]
  pruneopts = "NUT"
  revision = "3dc9b9383bf7371a6d8bd2fdaba6062bd46dd104"
  version = "v0.0.9"

[[projects]]
  digest = "1:e9752813079877950aa96e8e3771e22771b49be653576000bddc5da78444e215"
  name = "github.com/mrz1836/go-logger"
  packages = ["."]
  pruneopts = "NUT"
  revision = "b58212dc2d5fef02ef3281d8b88c01ba96cb9324"
  version = "v0.0.4"

[[projects]]
  digest = "1:cbf3e4f07c3218afe9099eca4300b2f6e1cb0fd59f2aae3867f6a0339618d207"
  name = "github.com/mrz1836/go-parameters"
  packages = ["."]
  pruneopts = "NUT"
  revision = "71a6bc659bc42c10624c2a49a4ce9a516087bf5b"
  version = "v0.0.5"

[[projects]]
  digest = "1:1913b26f9e2133465bcb3fef6c1c3672bd89b03e3b7e0abc22306ab74d1e8143"
  name = "github.com/mrz1836/go-sanitize"
  packages = ["."]
  pruneopts = "NUT"
  revision = "5b2ea6a33d21f10f580f708ef6605e549a593009"
  version = "v1.0.8"

[[projects]]
  digest = "1:efec7b15c9f6f20c96a5710fea5d946aabf13018d9e2d2c50a4746f850514f9d"
  name = "github.com/pelletier/go-toml"
  packages = ["."]
  pruneopts = "NUT"
  revision = "903d9455db9ff1d7ac1ab199062eca7266dd11a3"
  version = "v1.6.0"

[[projects]]
  digest = "1:14715f705ff5dfe0ffd6571d7d201dd8e921030f8070321a79380d8ca4ec1a24"
  name = "github.com/pkg/errors"
  packages = ["."]
  pruneopts = "NUT"
  revision = "ba968bfe8b2f7e042a574c888954fccecfa385b4"
  version = "v0.8.1"

[[projects]]
  digest = "1:f1b3e1f7d4169dcd9e2003685383e99f6a4bdea14129bbcfdd80bfe455e0ad05"
  name = "github.com/robfig/cron"
  packages = ["."]
  pruneopts = "NUT"
  revision = "45fbe1491cdd47d74d1bf1396286d67faee8b8b5"
  version = "v3.0.0"

[[projects]]
  digest = "1:6bc0652ea6e39e22ccd522458b8bdd8665bf23bdc5a20eec90056e4dc7e273ca"
  name = "github.com/satori/go.uuid"
  packages = ["."]
  pruneopts = "NUT"
  revision = "f58768cc1a7a7e77a3bd49e98cdd21419399b6a3"
  version = "v1.2.0"

[[projects]]
  digest = "1:6792bb72ea0e7112157d02e4e175cd421b43d004a853f56316a19beca6e0c074"
  name = "github.com/spf13/afero"
  packages = [
    ".",
    "mem",
  ]
  pruneopts = "NUT"
  revision = "588a75ec4f32903aa5e39a2619ba6a4631e28424"
  version = "v1.2.2"

[[projects]]
  digest = "1:c5e6b121ef3d2043505edaf4c80e5a008cec2513dc8804795eb0479d1555bcf7"
  name = "github.com/spf13/cast"
  packages = ["."]
  pruneopts = "NUT"
  revision = "8c9545af88b134710ab1cd196795e7f2388358d7"
  version = "v1.3.0"

[[projects]]
  digest = "1:3d72352adb74e79d6d5a43d6f51bfd2d0bd0c9b5f3c00cf5a4b1636d8d3b9d92"
  name = "github.com/spf13/jwalterweatherman"
  packages = ["."]
  pruneopts = "NUT"
  revision = "94f6ae3ed3bceceafa716478c5fbf8d29ca601a1"
  version = "v1.1.0"

[[projects]]
  digest = "1:d115708a27806831d1babbc6f28a7478ddf8e32a7095507c816e2515fb03a810"
  name = "github.com/spf13/pflag"
  packages = ["."]
  pruneopts = "NUT"
  revision = "2e9d26c8c37aae03e3f9d4e90b7116f5accb7cab"
  version = "v1.0.5"

[[projects]]
  digest = "1:d29f592254b53958cd387137fd1bcb16634c17407938763e82b76df93b3cbfa0"
  name = "github.com/spf13/viper"
  packages = ["."]
  pruneopts = "NUT"
  revision = "72b022eb357a56469725dcd03918449e2278d02e"
  version = "v1.5.0"

[[projects]]
  digest = "1:f60e4a8af6b6f3940cbdd28b1262221d28b4eb4d31b87bdb7b219f5fc0f278bf"
  name = "github.com/subosito/gotenv"
  packages = ["."]
  pruneopts = "NUT"
  revision = "2ef7124db659d49edac6aa459693a15ae36c671a"
  version = "v1.2.0"

[[projects]]
  digest = "1:498d0b37a5c7f5664f2e21de8c85c5694ed197cb25ce245bf25cdd18930035e9"
  name = "github.com/ugorji/go"
  packages = ["codec"]
  pruneopts = "NUT"
  revision = "23ab95ef5dc3b70286760af84ce2327a2b64ed62"
  version = "v1.1.7"

[[projects]]
  branch = "master"
  digest = "1:5d32ad689a9cd0fd653e784a7314bc622959f8b707d0e812cfb1fa6ea97fcf5f"
  name = "github.com/volatiletech/inflect"
  packages = ["."]
  pruneopts = "NUT"
  revision = "e7201282ae8da26cd97aed2e516f75c0bd91bb93"

[[projects]]
  digest = "1:41baab363a0e02c03e418033f9f56125179021c6d650c6ca8b5749586d956f72"
  name = "github.com/volatiletech/null"
  packages = [
    ".",
    "convert",
  ]
  pruneopts = "NUT"
  revision = "0681ee3b5e046ac8bfbbd3999e79d3905e96972f"
  version = "v8.0.0"

[[projects]]
  digest = "1:adf14d9a96e6c11d4027faec773e5b25dd1640fc041be130c4c3ff9b33375552"
  name = "github.com/volatiletech/sqlboiler"
  packages = [
    "boil",
    "drivers",
    "drivers/sqlboiler-mysql/driver",
    "importers",
    "queries",
    "queries/qm",
    "queries/qmhelper",
    "randomize",
    "strmangle",
  ]
  pruneopts = "NUT"
  revision = "5a51e7228cba48f4f40e542504540fcd8b14b26b"
  version = "v3.6.0"

[[projects]]
  branch = "master"
  digest = "1:761c2f8e6f99d4ad4a5eb07c41f5d238c28629071a9f5d8288197b6c94eb1a8f"
  name = "golang.org/x/sys"
  packages = ["unix"]
  pruneopts = "NUT"
  revision = "c1f44814a5cd81a6d1cb589ef1e528bc5d305e07"

[[projects]]
  digest = "1:1093f2eb4b344996604f7d8b29a16c5b22ab9e1b25652140d3fede39f640d5cd"
  name = "golang.org/x/text"
  packages = [
    "internal/gen",
    "internal/triegen",
    "internal/ucd",
    "transform",
    "unicode/cldr",
    "unicode/norm",
  ]
  pruneopts = "NUT"
  revision = "342b2e1fbaa52c93f31447ad2c6abc048c63e475"
  version = "v0.3.2"

[[projects]]
  branch = "master"
  digest = "1:c0619d0c0c2f585812ce9f844eafb9c5660f5bd723c9ac0cd60b7fac665d2ac6"
  name = "golang.org/x/xerrors"
  packages = [
    ".",
    "internal",
  ]
  pruneopts = "NUT"
  revision = "1b5146add8981d58be77b16229c0ff0f8bebd8c1"

[[projects]]
  digest = "1:c25289f43ac4a68d88b02245742347c94f1e108c534dda442188015ff80669b3"
  name = "google.golang.org/appengine"
  packages = ["cloudsql"]
  pruneopts = "NUT"
  revision = "971852bfffca25b069c31162ae8f247a3dba083b"
  version = "v1.6.5"

[[projects]]
  digest = "1:5ad10df0893403ae9fdbd17c6f14814394a635339dd79595600bae52432befcf"
  name = "gopkg.in/yaml.v2"
  packages = ["."]
  pruneopts = "NUT"
  revision = "f90ceb4f409096b60e2e9076b38b304b8246e5fa"
  version = "v2.2.5"

[solve-meta]
  analyzer-name = "dep"
  analyzer-version = 1
  input-imports = [
    "github.com/go-ozzo/ozzo-validation",
    "github.com/go-ozzo/ozzo-validation/is",
    "github.com/go-sql-driver/mysql",
    "github.com/gomodule/redigo/redis",
    "github.com/julienschmidt/httprouter",
    "github.com/kat-co/vala",
    "github.com/mrz1836/go-api-router",
    "github.com/mrz1836/go-cache",
    "github.com/mrz1836/go-logger",
    "github.com/mrz1836/go-sanitize",
    "github.com/pkg/errors",
    "github.com/robfig/cron",
    "github.com/spf13/viper",
    "github.com/volatiletech/null",
    "github.com/volatiletech/sqlboiler/boil",
    "github.com/volatiletech/sqlboiler/drivers",
    "github.com/volatiletech/sqlboiler/drivers/sqlboiler-mysql/driver",
    "github.com/volatiletech/sqlboiler/queries",
    "github.com/volatiletech/sqlboiler/queries/qm",
    "github.com/volatiletech/sqlboiler/queries/qmhelper",
    "github.com/volatiletech/sqlboiler/randomize",
    "github.com/volatiletech/sqlboiler/strmangle",
  ]
  solver-name = "gps-cdcl"
  solver-version = 1
